
Microsoft Visual Studio Solution File, Format Version 12.00
# Visual Studio Version 16
VisualStudioVersion = 16.0.29519.87
MinimumVisualStudioVersion = 10.0.40219.1
Project("{FAE04EC0-301F-11D3-BF4B-00C04F79EFBC}") = "Homework_10.LINQ_to_SQL.27.11", "Homework_10.LINQ_to_SQL.27.11.csproj", "{73C9E4D2-0E35-4CD2-B4AE-282BE5494760}"
EndProject
Global
	GlobalSection(SolutionConfigurationPlatforms) = preSolution
		Debug|Any CPU = Debug|Any CPU
		Release|Any CPU = Release|Any CPU
	EndGlobalSection
	GlobalSection(ProjectConfigurationPlatforms) = postSolution
		{73C9E4D2-0E35-4CD2-B4AE-282BE5494760}.Debug|Any CPU.ActiveCfg = Debug|Any CPU
		{73C9E4D2-0E35-4CD2-B4AE-282BE5494760}.Debug|Any CPU.Build.0 = Debug|Any CPU
		{73C9E4D2-0E35-4CD2-B4AE-282BE5494760}.Release|Any CPU.ActiveCfg = Release|Any CPU
		{73C9E4D2-0E35-4CD2-B4AE-282BE5494760}.Release|Any CPU.Build.0 = Release|Any CPU
	EndGlobalSection
	GlobalSection(SolutionProperties) = preSolution
		HideSolutionNode = FALSE
	EndGlobalSection
	GlobalSection(ExtensibilityGlobals) = postSolution
		SolutionGuid = {7A5D9930-C1EC-4326-947D-5E9304A0BBFB}
	EndGlobalSection
EndGlobal
