
Microsoft Visual Studio Solution File, Format Version 12.00
# Visual Studio Version 16
VisualStudioVersion = 16.0.29519.87
MinimumVisualStudioVersion = 10.0.40219.1
Project("{FAE04EC0-301F-11D3-BF4B-00C04F79EFBC}") = "First_task", "..\First_task\First_task.csproj", "{B42EA5DC-14C0-4167-B974-B9E7EA260754}"
EndProject
Project("{FAE04EC0-301F-11D3-BF4B-00C04F79EFBC}") = "Second_task", "..\Second_task\Second_task.csproj", "{E9AE0A17-BDFF-4C99-A4E7-D4C057A81BC6}"
EndProject
Global
	GlobalSection(SolutionConfigurationPlatforms) = preSolution
		Debug|Any CPU = Debug|Any CPU
		Release|Any CPU = Release|Any CPU
	EndGlobalSection
	GlobalSection(ProjectConfigurationPlatforms) = postSolution
		{B42EA5DC-14C0-4167-B974-B9E7EA260754}.Debug|Any CPU.ActiveCfg = Debug|Any CPU
		{B42EA5DC-14C0-4167-B974-B9E7EA260754}.Debug|Any CPU.Build.0 = Debug|Any CPU
		{B42EA5DC-14C0-4167-B974-B9E7EA260754}.Release|Any CPU.ActiveCfg = Release|Any CPU
		{B42EA5DC-14C0-4167-B974-B9E7EA260754}.Release|Any CPU.Build.0 = Release|Any CPU
		{E9AE0A17-BDFF-4C99-A4E7-D4C057A81BC6}.Debug|Any CPU.ActiveCfg = Debug|Any CPU
		{E9AE0A17-BDFF-4C99-A4E7-D4C057A81BC6}.Debug|Any CPU.Build.0 = Debug|Any CPU
		{E9AE0A17-BDFF-4C99-A4E7-D4C057A81BC6}.Release|Any CPU.ActiveCfg = Release|Any CPU
		{E9AE0A17-BDFF-4C99-A4E7-D4C057A81BC6}.Release|Any CPU.Build.0 = Release|Any CPU
	EndGlobalSection
	GlobalSection(SolutionProperties) = preSolution
		HideSolutionNode = FALSE
	EndGlobalSection
	GlobalSection(ExtensibilityGlobals) = postSolution
		SolutionGuid = {F85C4066-DDE6-4A74-92BC-6DFEFEA00B44}
	EndGlobalSection
EndGlobal
