
Microsoft Visual Studio Solution File, Format Version 12.00
# Visual Studio Version 16
VisualStudioVersion = 16.0.29519.87
MinimumVisualStudioVersion = 10.0.40219.1
Project("{FAE04EC0-301F-11D3-BF4B-00C04F79EFBC}") = "Homework_8.EntityFramework.25.11", "Homework_8.EntityFramework.25.11.csproj", "{E3625453-E0AA-412D-B33E-77A9D1898684}"
EndProject
Project("{FAE04EC0-301F-11D3-BF4B-00C04F79EFBC}") = "EntityFrameworkLesson", "..\..\CSharpProfessional.Edited\CSharpProfessional\8.EntityFramework\EntityFrameworkExample\EntityFrameworkLesson\EntityFrameworkLesson.csproj", "{2C39799F-441D-40BF-8BD7-A20C706E5E0C}"
EndProject
Global
	GlobalSection(SolutionConfigurationPlatforms) = preSolution
		Debug|Any CPU = Debug|Any CPU
		Release|Any CPU = Release|Any CPU
	EndGlobalSection
	GlobalSection(ProjectConfigurationPlatforms) = postSolution
		{E3625453-E0AA-412D-B33E-77A9D1898684}.Debug|Any CPU.ActiveCfg = Debug|Any CPU
		{E3625453-E0AA-412D-B33E-77A9D1898684}.Debug|Any CPU.Build.0 = Debug|Any CPU
		{E3625453-E0AA-412D-B33E-77A9D1898684}.Release|Any CPU.ActiveCfg = Release|Any CPU
		{E3625453-E0AA-412D-B33E-77A9D1898684}.Release|Any CPU.Build.0 = Release|Any CPU
		{2C39799F-441D-40BF-8BD7-A20C706E5E0C}.Debug|Any CPU.ActiveCfg = Debug|Any CPU
		{2C39799F-441D-40BF-8BD7-A20C706E5E0C}.Debug|Any CPU.Build.0 = Debug|Any CPU
		{2C39799F-441D-40BF-8BD7-A20C706E5E0C}.Release|Any CPU.ActiveCfg = Release|Any CPU
		{2C39799F-441D-40BF-8BD7-A20C706E5E0C}.Release|Any CPU.Build.0 = Release|Any CPU
	EndGlobalSection
	GlobalSection(SolutionProperties) = preSolution
		HideSolutionNode = FALSE
	EndGlobalSection
	GlobalSection(ExtensibilityGlobals) = postSolution
		SolutionGuid = {C4F75532-24DB-40E8-8C1A-EE5DB9311247}
	EndGlobalSection
EndGlobal
