
Microsoft Visual Studio Solution File, Format Version 12.00
# Visual Studio Version 16
VisualStudioVersion = 16.0.29424.173
MinimumVisualStudioVersion = 10.0.40219.1
Project("{FAE04EC0-301F-11D3-BF4B-00C04F79EFBC}") = "Homework_6.LINQ.AnonymousType.18.11", "Homework_6.LINQ.AnonymousType.18.11.csproj", "{B9A1C713-436A-483B-A07D-32A3B87360BB}"
EndProject
Global
	GlobalSection(SolutionConfigurationPlatforms) = preSolution
		Debug|Any CPU = Debug|Any CPU
		Release|Any CPU = Release|Any CPU
	EndGlobalSection
	GlobalSection(ProjectConfigurationPlatforms) = postSolution
		{B9A1C713-436A-483B-A07D-32A3B87360BB}.Debug|Any CPU.ActiveCfg = Debug|Any CPU
		{B9A1C713-436A-483B-A07D-32A3B87360BB}.Debug|Any CPU.Build.0 = Debug|Any CPU
		{B9A1C713-436A-483B-A07D-32A3B87360BB}.Release|Any CPU.ActiveCfg = Release|Any CPU
		{B9A1C713-436A-483B-A07D-32A3B87360BB}.Release|Any CPU.Build.0 = Release|Any CPU
	EndGlobalSection
	GlobalSection(SolutionProperties) = preSolution
		HideSolutionNode = FALSE
	EndGlobalSection
	GlobalSection(ExtensibilityGlobals) = postSolution
		SolutionGuid = {A1D503A4-8E72-4C04-AD7D-CB2421E18554}
	EndGlobalSection
EndGlobal
