
Microsoft Visual Studio Solution File, Format Version 12.00
# Visual Studio Version 16
VisualStudioVersion = 16.0.29424.173
MinimumVisualStudioVersion = 10.0.40219.1
Project("{FAE04EC0-301F-11D3-BF4B-00C04F79EFBC}") = "Homework_1.Collections.28.10", "Homework_1.Collections.28.10.csproj", "{53D98367-6905-439C-9D06-FCB62F2E8F2B}"
EndProject
Global
	GlobalSection(SolutionConfigurationPlatforms) = preSolution
		Debug|Any CPU = Debug|Any CPU
		Release|Any CPU = Release|Any CPU
	EndGlobalSection
	GlobalSection(ProjectConfigurationPlatforms) = postSolution
		{53D98367-6905-439C-9D06-FCB62F2E8F2B}.Debug|Any CPU.ActiveCfg = Debug|Any CPU
		{53D98367-6905-439C-9D06-FCB62F2E8F2B}.Debug|Any CPU.Build.0 = Debug|Any CPU
		{53D98367-6905-439C-9D06-FCB62F2E8F2B}.Release|Any CPU.ActiveCfg = Release|Any CPU
		{53D98367-6905-439C-9D06-FCB62F2E8F2B}.Release|Any CPU.Build.0 = Release|Any CPU
	EndGlobalSection
	GlobalSection(SolutionProperties) = preSolution
		HideSolutionNode = FALSE
	EndGlobalSection
	GlobalSection(ExtensibilityGlobals) = postSolution
		SolutionGuid = {B0675E8D-7387-4936-8FBC-8C313428674E}
	EndGlobalSection
EndGlobal
