
Microsoft Visual Studio Solution File, Format Version 12.00
# Visual Studio Version 16
VisualStudioVersion = 16.0.29424.173
MinimumVisualStudioVersion = 10.0.40219.1
Project("{FAE04EC0-301F-11D3-BF4B-00C04F79EFBC}") = "Homework_4.Events.11.11", "Homework_4.Events.11.11.csproj", "{C9D236F3-04D2-4FED-8FBB-62504E0BD733}"
EndProject
Global
	GlobalSection(SolutionConfigurationPlatforms) = preSolution
		Debug|Any CPU = Debug|Any CPU
		Release|Any CPU = Release|Any CPU
	EndGlobalSection
	GlobalSection(ProjectConfigurationPlatforms) = postSolution
		{C9D236F3-04D2-4FED-8FBB-62504E0BD733}.Debug|Any CPU.ActiveCfg = Debug|Any CPU
		{C9D236F3-04D2-4FED-8FBB-62504E0BD733}.Debug|Any CPU.Build.0 = Debug|Any CPU
		{C9D236F3-04D2-4FED-8FBB-62504E0BD733}.Release|Any CPU.ActiveCfg = Release|Any CPU
		{C9D236F3-04D2-4FED-8FBB-62504E0BD733}.Release|Any CPU.Build.0 = Release|Any CPU
	EndGlobalSection
	GlobalSection(SolutionProperties) = preSolution
		HideSolutionNode = FALSE
	EndGlobalSection
	GlobalSection(ExtensibilityGlobals) = postSolution
		SolutionGuid = {E1BFB2B4-1C97-44DD-94CF-B2BA2DBC5541}
	EndGlobalSection
EndGlobal
