
Microsoft Visual Studio Solution File, Format Version 12.00
# Visual Studio Version 16
VisualStudioVersion = 16.0.29519.87
MinimumVisualStudioVersion = 10.0.40219.1
Project("{FAE04EC0-301F-11D3-BF4B-00C04F79EFBC}") = "Homework_10.Atributes.Forms.02.12", "Homework_10.Atributes.Forms.02.12.csproj", "{3F3FE8AC-007B-4182-92E4-7DAF98C74611}"
EndProject
Project("{FAE04EC0-301F-11D3-BF4B-00C04F79EFBC}") = "Task_3", "Task_3\Task_3.csproj", "{A390F769-C959-455C-BBD7-0B9AABA1D214}"
EndProject
Global
	GlobalSection(SolutionConfigurationPlatforms) = preSolution
		Debug|Any CPU = Debug|Any CPU
		Release|Any CPU = Release|Any CPU
	EndGlobalSection
	GlobalSection(ProjectConfigurationPlatforms) = postSolution
		{3F3FE8AC-007B-4182-92E4-7DAF98C74611}.Debug|Any CPU.ActiveCfg = Debug|Any CPU
		{3F3FE8AC-007B-4182-92E4-7DAF98C74611}.Debug|Any CPU.Build.0 = Debug|Any CPU
		{3F3FE8AC-007B-4182-92E4-7DAF98C74611}.Release|Any CPU.ActiveCfg = Release|Any CPU
		{3F3FE8AC-007B-4182-92E4-7DAF98C74611}.Release|Any CPU.Build.0 = Release|Any CPU
		{A390F769-C959-455C-BBD7-0B9AABA1D214}.Debug|Any CPU.ActiveCfg = Debug|Any CPU
		{A390F769-C959-455C-BBD7-0B9AABA1D214}.Debug|Any CPU.Build.0 = Debug|Any CPU
		{A390F769-C959-455C-BBD7-0B9AABA1D214}.Release|Any CPU.ActiveCfg = Release|Any CPU
		{A390F769-C959-455C-BBD7-0B9AABA1D214}.Release|Any CPU.Build.0 = Release|Any CPU
	EndGlobalSection
	GlobalSection(SolutionProperties) = preSolution
		HideSolutionNode = FALSE
	EndGlobalSection
	GlobalSection(ExtensibilityGlobals) = postSolution
		SolutionGuid = {CACAC3DC-5FEF-4C07-BB1F-413FCF527D55}
	EndGlobalSection
EndGlobal
