
Microsoft Visual Studio Solution File, Format Version 12.00
# Visual Studio Version 16
VisualStudioVersion = 16.0.29424.173
MinimumVisualStudioVersion = 10.0.40219.1
Project("{FAE04EC0-301F-11D3-BF4B-00C04F79EFBC}") = "Homework_2.Generics.30.10", "Homework_2.Generics.30.10.csproj", "{CCB6F547-9098-4A29-8523-BE26CEF8F8F9}"
EndProject
Global
	GlobalSection(SolutionConfigurationPlatforms) = preSolution
		Debug|Any CPU = Debug|Any CPU
		Release|Any CPU = Release|Any CPU
	EndGlobalSection
	GlobalSection(ProjectConfigurationPlatforms) = postSolution
		{CCB6F547-9098-4A29-8523-BE26CEF8F8F9}.Debug|Any CPU.ActiveCfg = Debug|Any CPU
		{CCB6F547-9098-4A29-8523-BE26CEF8F8F9}.Debug|Any CPU.Build.0 = Debug|Any CPU
		{CCB6F547-9098-4A29-8523-BE26CEF8F8F9}.Release|Any CPU.ActiveCfg = Release|Any CPU
		{CCB6F547-9098-4A29-8523-BE26CEF8F8F9}.Release|Any CPU.Build.0 = Release|Any CPU
	EndGlobalSection
	GlobalSection(SolutionProperties) = preSolution
		HideSolutionNode = FALSE
	EndGlobalSection
	GlobalSection(ExtensibilityGlobals) = postSolution
		SolutionGuid = {3D161C7D-E1FB-4DA6-AA66-08AC05DBF1A7}
	EndGlobalSection
EndGlobal
