
Microsoft Visual Studio Solution File, Format Version 12.00
# Visual Studio Version 16
VisualStudioVersion = 16.0.29519.87
MinimumVisualStudioVersion = 10.0.40219.1
Project("{FAE04EC0-301F-11D3-BF4B-00C04F79EFBC}") = "SQL", "SQL.csproj", "{E9B5FD2F-E87F-4A6D-8EAB-462652B898BD}"
EndProject
Project("{FAE04EC0-301F-11D3-BF4B-00C04F79EFBC}") = "EntityFrameworkExample", "..\..\CSharpProfessional\8.EntityFramework\EntityFrameworkExample\EntityFrameworkExample\EntityFrameworkExample.csproj", "{E2EA66BC-5438-42EC-B39D-71C623C33B54}"
EndProject
Project("{FAE04EC0-301F-11D3-BF4B-00C04F79EFBC}") = "EntityFrameworkNavigationProperties", "..\..\CSharpProfessional\8.EntityFramework\EntityFrameworkExample\EntityFrameworkNavigationProperties\EntityFrameworkNavigationProperties.csproj", "{498C6ABE-4168-4220-B91E-B60200491445}"
EndProject
Project("{9A19103F-16F7-4668-BE54-9A1E7A4F7556}") = "EntityFrameworkPractice", "..\..\CSharpProfessional\8.EntityFramework\EntityFrameworkExample\EntityFrameworkPractice\EntityFrameworkPractice.csproj", "{4F11C9E3-6E07-48EF-B5A6-1ECF2529FB3D}"
EndProject
Project("{FAE04EC0-301F-11D3-BF4B-00C04F79EFBC}") = "LinqToSqlExample", "..\..\CSharpProfessional\8.EntityFramework\EntityFrameworkExample\LinqToSqlExample\LinqToSqlExample.csproj", "{1518063D-1F41-4AD5-AB58-744F1688C937}"
EndProject
Global
	GlobalSection(SolutionConfigurationPlatforms) = preSolution
		Debug|Any CPU = Debug|Any CPU
		Release|Any CPU = Release|Any CPU
	EndGlobalSection
	GlobalSection(ProjectConfigurationPlatforms) = postSolution
		{E9B5FD2F-E87F-4A6D-8EAB-462652B898BD}.Debug|Any CPU.ActiveCfg = Debug|Any CPU
		{E9B5FD2F-E87F-4A6D-8EAB-462652B898BD}.Debug|Any CPU.Build.0 = Debug|Any CPU
		{E9B5FD2F-E87F-4A6D-8EAB-462652B898BD}.Release|Any CPU.ActiveCfg = Release|Any CPU
		{E9B5FD2F-E87F-4A6D-8EAB-462652B898BD}.Release|Any CPU.Build.0 = Release|Any CPU
		{E2EA66BC-5438-42EC-B39D-71C623C33B54}.Debug|Any CPU.ActiveCfg = Debug|Any CPU
		{E2EA66BC-5438-42EC-B39D-71C623C33B54}.Debug|Any CPU.Build.0 = Debug|Any CPU
		{E2EA66BC-5438-42EC-B39D-71C623C33B54}.Release|Any CPU.ActiveCfg = Release|Any CPU
		{E2EA66BC-5438-42EC-B39D-71C623C33B54}.Release|Any CPU.Build.0 = Release|Any CPU
		{498C6ABE-4168-4220-B91E-B60200491445}.Debug|Any CPU.ActiveCfg = Debug|Any CPU
		{498C6ABE-4168-4220-B91E-B60200491445}.Debug|Any CPU.Build.0 = Debug|Any CPU
		{498C6ABE-4168-4220-B91E-B60200491445}.Release|Any CPU.ActiveCfg = Release|Any CPU
		{498C6ABE-4168-4220-B91E-B60200491445}.Release|Any CPU.Build.0 = Release|Any CPU
		{4F11C9E3-6E07-48EF-B5A6-1ECF2529FB3D}.Debug|Any CPU.ActiveCfg = Debug|Any CPU
		{4F11C9E3-6E07-48EF-B5A6-1ECF2529FB3D}.Debug|Any CPU.Build.0 = Debug|Any CPU
		{4F11C9E3-6E07-48EF-B5A6-1ECF2529FB3D}.Release|Any CPU.ActiveCfg = Release|Any CPU
		{4F11C9E3-6E07-48EF-B5A6-1ECF2529FB3D}.Release|Any CPU.Build.0 = Release|Any CPU
		{1518063D-1F41-4AD5-AB58-744F1688C937}.Debug|Any CPU.ActiveCfg = Debug|Any CPU
		{1518063D-1F41-4AD5-AB58-744F1688C937}.Debug|Any CPU.Build.0 = Debug|Any CPU
		{1518063D-1F41-4AD5-AB58-744F1688C937}.Release|Any CPU.ActiveCfg = Release|Any CPU
		{1518063D-1F41-4AD5-AB58-744F1688C937}.Release|Any CPU.Build.0 = Release|Any CPU
	EndGlobalSection
	GlobalSection(SolutionProperties) = preSolution
		HideSolutionNode = FALSE
	EndGlobalSection
	GlobalSection(ExtensibilityGlobals) = postSolution
		SolutionGuid = {9588B1FC-DBB2-4DD1-917F-30397E90DB49}
	EndGlobalSection
EndGlobal
