
Microsoft Visual Studio Solution File, Format Version 12.00
# Visual Studio Version 16
VisualStudioVersion = 16.0.29613.14
MinimumVisualStudioVersion = 10.0.40219.1
Project("{FAE04EC0-301F-11D3-BF4B-00C04F79EFBC}") = "ITEA_Management", "ITEA_Management.csproj", "{6EE2D4DC-6AB7-460E-AF8A-CD61CBA4F037}"
EndProject
Global
	GlobalSection(SolutionConfigurationPlatforms) = preSolution
		Debug|Any CPU = Debug|Any CPU
		Release|Any CPU = Release|Any CPU
	EndGlobalSection
	GlobalSection(ProjectConfigurationPlatforms) = postSolution
		{6EE2D4DC-6AB7-460E-AF8A-CD61CBA4F037}.Debug|Any CPU.ActiveCfg = Debug|Any CPU
		{6EE2D4DC-6AB7-460E-AF8A-CD61CBA4F037}.Debug|Any CPU.Build.0 = Debug|Any CPU
		{6EE2D4DC-6AB7-460E-AF8A-CD61CBA4F037}.Release|Any CPU.ActiveCfg = Release|Any CPU
		{6EE2D4DC-6AB7-460E-AF8A-CD61CBA4F037}.Release|Any CPU.Build.0 = Release|Any CPU
	EndGlobalSection
	GlobalSection(SolutionProperties) = preSolution
		HideSolutionNode = FALSE
	EndGlobalSection
	GlobalSection(ExtensibilityGlobals) = postSolution
		SolutionGuid = {77274797-B337-4172-81BB-22C607474F19}
	EndGlobalSection
EndGlobal
